
Microsoft Visual Studio Solution File, Format Version 12.00
# Visual Studio Version 17
VisualStudioVersion = 17.5.33424.131
MinimumVisualStudioVersion = 10.0.40219.1
Project("{9A19103F-16F7-4668-BE54-9A1E7A4F7556}") = "PlaylistMVC", "PlaylistMVC\PlaylistMVC.csproj", "{39C7B54A-C1A1-4E91-B531-FBAC7B0B67EB}"
EndProject
Project("{2150E333-8FDC-42A3-9474-1A3956D46DE8}") = "Solution Items", "Solution Items", "{67DF672E-C3C0-4A31-A82F-6A83A5C53B72}"
	ProjectSection(SolutionItems) = preProject
		.editorconfig = .editorconfig
	EndProjectSection
EndProject
Global
	GlobalSection(SolutionConfigurationPlatforms) = preSolution
		Debug|Any CPU = Debug|Any CPU
		Release|Any CPU = Release|Any CPU
	EndGlobalSection
	GlobalSection(ProjectConfigurationPlatforms) = postSolution
		{39C7B54A-C1A1-4E91-B531-FBAC7B0B67EB}.Debug|Any CPU.ActiveCfg = Debug|Any CPU
		{39C7B54A-C1A1-4E91-B531-FBAC7B0B67EB}.Debug|Any CPU.Build.0 = Debug|Any CPU
		{39C7B54A-C1A1-4E91-B531-FBAC7B0B67EB}.Release|Any CPU.ActiveCfg = Release|Any CPU
		{39C7B54A-C1A1-4E91-B531-FBAC7B0B67EB}.Release|Any CPU.Build.0 = Release|Any CPU
	EndGlobalSection
	GlobalSection(SolutionProperties) = preSolution
		HideSolutionNode = FALSE
	EndGlobalSection
	GlobalSection(ExtensibilityGlobals) = postSolution
		SolutionGuid = {8A1607DA-FC85-4673-B854-5E885FDC3475}
	EndGlobalSection
EndGlobal
