
Microsoft Visual Studio Solution File, Format Version 12.00
# Visual Studio Version 17
VisualStudioVersion = 17.5.33424.131
MinimumVisualStudioVersion = 10.0.40219.1
Project("{FAE04EC0-301F-11D3-BF4B-00C04F79EFBC}") = "PlaylistMVC", "PlaylistMVC\PlaylistMVC.csproj", "{39C7B54A-C1A1-4E91-B531-FBAC7B0B67EB}"
EndProject
Global
	GlobalSection(SolutionConfigurationPlatforms) = preSolution
		Debug|Any CPU = Debug|Any CPU
		Release|Any CPU = Release|Any CPU
	EndGlobalSection
	GlobalSection(ProjectConfigurationPlatforms) = postSolution
		{39C7B54A-C1A1-4E91-B531-FBAC7B0B67EB}.Debug|Any CPU.ActiveCfg = Debug|Any CPU
		{39C7B54A-C1A1-4E91-B531-FBAC7B0B67EB}.Debug|Any CPU.Build.0 = Debug|Any CPU
		{39C7B54A-C1A1-4E91-B531-FBAC7B0B67EB}.Release|Any CPU.ActiveCfg = Release|Any CPU
		{39C7B54A-C1A1-4E91-B531-FBAC7B0B67EB}.Release|Any CPU.Build.0 = Release|Any CPU
	EndGlobalSection
	GlobalSection(SolutionProperties) = preSolution
		HideSolutionNode = FALSE
	EndGlobalSection
	GlobalSection(ExtensibilityGlobals) = postSolution
		SolutionGuid = {8A1607DA-FC85-4673-B854-5E885FDC3475}
	EndGlobalSection
EndGlobal
